# This file is automatically @generated by Cargo.
# It is not intended for manual editing.
version = 4

[[package]]
name = "cliutils"
version = "0.1.1"
source = "registry+https://github.com/rust-lang/crates.io-index"
checksum = "f3ff9fa777a9b2632b5d76d3938d69e355121307a93d1028ef192775c6fc3101"

[[package]]
name = "stocks"
version = "0.1.0"
dependencies = [
 "cliutils",
]
